{
    "name": "aces-eb-language-support",
    "version": "1.0.0",
    "lockfileVersion": 2,
    "requires": true,
    "packages": {
        "": {
            "name": "aces-eb-language-support",
            "version": "1.0.0",
            "license": "BSD-3-Clause",
            "devDependencies": {
                "@types/node": "16.x",
                "@types/vscode": "1.x"
            },
            "engines": {
                "vscode": "^1.62.0"
            }
        },
        "node_modules/@types/node": {
            "version": "16.11.11",
            "resolved": "https://registry.npmjs.org/@types/node/-/node-16.11.11.tgz",
            "integrity": "sha512-KB0sixD67CeecHC33MYn+eYARkqTheIRNuu97y2XMjR7Wu3XibO1vaY6VBV6O/a89SPI81cEUIYT87UqUWlZNw==",
            "dev": true
        },
        "node_modules/@types/vscode": {
            "version": "1.62.0",
            "resolved": "https://registry.npmjs.org/@types/vscode/-/vscode-1.62.0.tgz",
            "integrity": "sha512-iGlQJ1w5e3qPUryroO6v4lxg3ql1ztdTCwQW3xEwFawdyPLoeUSv48SYfMwc7kQA7h6ThUqflZIjgKAykeF9oA==",
            "dev": true
        }
    },
    "dependencies": {
        "@types/node": {
            "version": "16.11.11",
            "resolved": "https://registry.npmjs.org/@types/node/-/node-16.11.11.tgz",
            "integrity": "sha512-KB0sixD67CeecHC33MYn+eYARkqTheIRNuu97y2XMjR7Wu3XibO1vaY6VBV6O/a89SPI81cEUIYT87UqUWlZNw==",
            "dev": true
        },
        "@types/vscode": {
            "version": "1.62.0",
            "resolved": "https://registry.npmjs.org/@types/vscode/-/vscode-1.62.0.tgz",
            "integrity": "sha512-iGlQJ1w5e3qPUryroO6v4lxg3ql1ztdTCwQW3xEwFawdyPLoeUSv48SYfMwc7kQA7h6ThUqflZIjgKAykeF9oA==",
            "dev": true
        }
    }
}
